NeoBundleLock CamelCaseMotion 89940cc381fb3df1ab0b8f0305309e758da148d2
NeoBundleLock auto-pairs 73908591025b7064ddd9336da6d84841e6dfd148
NeoBundleLock bufkill.vim 1beec8127b6b03ea931b8e9e973b65bb1e2d7cb0
NeoBundleLock ctrlp.vim b5d3fe66a58a13d2ff8b6391f4387608496a030f
NeoBundleLock jshint.vim 68a9a7c0fea24ddbbd9beecab1fa68f9bf3d7dc2
NeoBundleLock matchit 060d9d8aa381d6a650b649d38c992b59db3ed1a3
NeoBundleLock neobundle.vim dab02f0513dc7f8832cb7c191d43b84982ef34cb
NeoBundleLock neocomplete.vim 30497b751fe3c8d6cc25a8abbc17a0d6d8dc1e38
NeoBundleLock neosnippet-snippets d2296c11d759fa5dd9a0b7f2f554e223e9adad7f
NeoBundleLock neosnippet.vim 044c9cb8ca46a5e27eec37198990c26fe707b02a
NeoBundleLock nerdtree 3b98a7fcae8f9fff356907171f0406ff8cd28921
NeoBundleLock previm d2113bd2bece790edad0f1ebf222f16e780b8a74
NeoBundleLock vim-airline ca925efdbfe88b03597efc7caee4ee8762a2cfe0
NeoBundleLock vim-auto-save c3d06afb578a17c5512e634e7c33bb6a7bfc9a7c
NeoBundleLock vim-colors-solarized 528a59f26d12278698bb946f8fb82a63711eec21
NeoBundleLock vim-commentary 9c685131a5facfa0d643feca3a61b41c007d8170
NeoBundleLock vim-javascript-syntax 82cb62c8982c825eaeeefe84a7a77cb86e33a242
NeoBundleLock vim-markdown b1a4dd32046a1f45d526d4abae7dea99aa3fd398
NeoBundleLock vim-repeat b06684a19549a45c91f36dc47dc55525e4c9c994
NeoBundleLock vim-surround fd75eb2cb2ffe85a457445cb152d5a6c7acda140
